
Microsoft Visual Studio Solution File, Format Version 12.00
# Visual Studio Version 17
VisualStudioVersion = 17.10.34928.147
MinimumVisualStudioVersion = 10.0.40219.1
Project("{9A19103F-16F7-4668-BE54-9A1E7A4F7556}") = "EcontactApp", "proj1\EcontactApp.csproj", "{7358AE0D-2EF2-4AA9-B72D-539736CA568B}"
EndProject
Global
	GlobalSection(SolutionConfigurationPlatforms) = preSolution
		Debug|Any CPU = Debug|Any CPU
		Release|Any CPU = Release|Any CPU
	EndGlobalSection
	GlobalSection(ProjectConfigurationPlatforms) = postSolution
		{7358AE0D-2EF2-4AA9-B72D-539736CA568B}.Debug|Any CPU.ActiveCfg = Debug|Any CPU
		{7358AE0D-2EF2-4AA9-B72D-539736CA568B}.Debug|Any CPU.Build.0 = Debug|Any CPU
		{7358AE0D-2EF2-4AA9-B72D-539736CA568B}.Release|Any CPU.ActiveCfg = Release|Any CPU
		{7358AE0D-2EF2-4AA9-B72D-539736CA568B}.Release|Any CPU.Build.0 = Release|Any CPU
	EndGlobalSection
	GlobalSection(SolutionProperties) = preSolution
		HideSolutionNode = FALSE
	EndGlobalSection
	GlobalSection(ExtensibilityGlobals) = postSolution
		SolutionGuid = {F5D68271-4A7B-4304-B733-47949D13F76E}
	EndGlobalSection
EndGlobal
